
Microsoft Visual Studio Solution File, Format Version 12.00
# Visual Studio Version 16
VisualStudioVersion = 16.0.32106.194
MinimumVisualStudioVersion = 10.0.40219.1
Project("{FAE04EC0-301F-11D3-BF4B-00C04F79EFBC}") = "WebApplication1", "WebApplication1\WebApplication1.csproj", "{C36FAA92-ABC5-4D57-A74F-313CB137DF01}"
EndProject
Global
	GlobalSection(SolutionConfigurationPlatforms) = preSolution
		Debug|Any CPU = Debug|Any CPU
		Release|Any CPU = Release|Any CPU
	EndGlobalSection
	GlobalSection(ProjectConfigurationPlatforms) = postSolution
		{C36FAA92-ABC5-4D57-A74F-313CB137DF01}.Debug|Any CPU.ActiveCfg = Debug|Any CPU
		{C36FAA92-ABC5-4D57-A74F-313CB137DF01}.Debug|Any CPU.Build.0 = Debug|Any CPU
		{C36FAA92-ABC5-4D57-A74F-313CB137DF01}.Release|Any CPU.ActiveCfg = Release|Any CPU
		{C36FAA92-ABC5-4D57-A74F-313CB137DF01}.Release|Any CPU.Build.0 = Release|Any CPU
	EndGlobalSection
	GlobalSection(SolutionProperties) = preSolution
		HideSolutionNode = FALSE
	EndGlobalSection
	GlobalSection(ExtensibilityGlobals) = postSolution
		SolutionGuid = {3528B1AA-2915-49A9-9BDA-079AB0B9FE11}
	EndGlobalSection
EndGlobal
